
Microsoft Visual Studio Solution File, Format Version 12.00
Project("{FAE04EC0-301F-11D3-BF4B-00C04F79EFBC}") = "Day01", "Day01\Day01.csproj", "{5D98E815-467D-4E85-9ECA-B266F935ACB6}"
EndProject
Project("{FAE04EC0-301F-11D3-BF4B-00C04F79EFBC}") = "Day02", "Day02\Day02.csproj", "{F55B852C-6319-42E8-B40F-41EB263E2951}"
EndProject
Project("{FAE04EC0-301F-11D3-BF4B-00C04F79EFBC}") = "Day03", "Day03\Day03.csproj", "{A7C1A349-50C7-45B4-B492-556BA36A5844}"
EndProject
Project("{FAE04EC0-301F-11D3-BF4B-00C04F79EFBC}") = "Day04", "Day04\Day04.csproj", "{F7C29D5D-BD52-4D0B-844B-126893273448}"
EndProject
Project("{FAE04EC0-301F-11D3-BF4B-00C04F79EFBC}") = "Day05", "Day05\Day05.csproj", "{968822D0-5F44-47AB-B3C8-34EAB268DF81}"
EndProject
Project("{FAE04EC0-301F-11D3-BF4B-00C04F79EFBC}") = "Day06", "Day06\Day06.csproj", "{64625128-4B4C-484A-A6D6-BF9D8C716CCD}"
EndProject
Project("{FAE04EC0-301F-11D3-BF4B-00C04F79EFBC}") = "Tests", "Tests\Tests.csproj", "{BD453AAC-04DD-4A48-A28B-674EC02D3324}"
EndProject
Project("{FAE04EC0-301F-11D3-BF4B-00C04F79EFBC}") = "Day07", "Day07\Day07.csproj", "{3D2DF78D-C4DD-4EE3-9F82-7B2EC8C3B4EF}"
EndProject
Global
	GlobalSection(SolutionConfigurationPlatforms) = preSolution
		Debug|Any CPU = Debug|Any CPU
		Release|Any CPU = Release|Any CPU
	EndGlobalSection
	GlobalSection(ProjectConfigurationPlatforms) = postSolution
		{5D98E815-467D-4E85-9ECA-B266F935ACB6}.Debug|Any CPU.ActiveCfg = Debug|Any CPU
		{5D98E815-467D-4E85-9ECA-B266F935ACB6}.Debug|Any CPU.Build.0 = Debug|Any CPU
		{5D98E815-467D-4E85-9ECA-B266F935ACB6}.Release|Any CPU.ActiveCfg = Release|Any CPU
		{5D98E815-467D-4E85-9ECA-B266F935ACB6}.Release|Any CPU.Build.0 = Release|Any CPU
		{F55B852C-6319-42E8-B40F-41EB263E2951}.Debug|Any CPU.ActiveCfg = Debug|Any CPU
		{F55B852C-6319-42E8-B40F-41EB263E2951}.Debug|Any CPU.Build.0 = Debug|Any CPU
		{F55B852C-6319-42E8-B40F-41EB263E2951}.Release|Any CPU.ActiveCfg = Release|Any CPU
		{F55B852C-6319-42E8-B40F-41EB263E2951}.Release|Any CPU.Build.0 = Release|Any CPU
		{A7C1A349-50C7-45B4-B492-556BA36A5844}.Debug|Any CPU.ActiveCfg = Debug|Any CPU
		{A7C1A349-50C7-45B4-B492-556BA36A5844}.Debug|Any CPU.Build.0 = Debug|Any CPU
		{A7C1A349-50C7-45B4-B492-556BA36A5844}.Release|Any CPU.ActiveCfg = Release|Any CPU
		{A7C1A349-50C7-45B4-B492-556BA36A5844}.Release|Any CPU.Build.0 = Release|Any CPU
		{F7C29D5D-BD52-4D0B-844B-126893273448}.Debug|Any CPU.ActiveCfg = Debug|Any CPU
		{F7C29D5D-BD52-4D0B-844B-126893273448}.Debug|Any CPU.Build.0 = Debug|Any CPU
		{F7C29D5D-BD52-4D0B-844B-126893273448}.Release|Any CPU.ActiveCfg = Release|Any CPU
		{F7C29D5D-BD52-4D0B-844B-126893273448}.Release|Any CPU.Build.0 = Release|Any CPU
		{968822D0-5F44-47AB-B3C8-34EAB268DF81}.Debug|Any CPU.ActiveCfg = Debug|Any CPU
		{968822D0-5F44-47AB-B3C8-34EAB268DF81}.Debug|Any CPU.Build.0 = Debug|Any CPU
		{968822D0-5F44-47AB-B3C8-34EAB268DF81}.Release|Any CPU.ActiveCfg = Release|Any CPU
		{968822D0-5F44-47AB-B3C8-34EAB268DF81}.Release|Any CPU.Build.0 = Release|Any CPU
		{64625128-4B4C-484A-A6D6-BF9D8C716CCD}.Debug|Any CPU.ActiveCfg = Debug|Any CPU
		{64625128-4B4C-484A-A6D6-BF9D8C716CCD}.Debug|Any CPU.Build.0 = Debug|Any CPU
		{64625128-4B4C-484A-A6D6-BF9D8C716CCD}.Release|Any CPU.ActiveCfg = Release|Any CPU
		{64625128-4B4C-484A-A6D6-BF9D8C716CCD}.Release|Any CPU.Build.0 = Release|Any CPU
		{BD453AAC-04DD-4A48-A28B-674EC02D3324}.Debug|Any CPU.ActiveCfg = Debug|Any CPU
		{BD453AAC-04DD-4A48-A28B-674EC02D3324}.Debug|Any CPU.Build.0 = Debug|Any CPU
		{BD453AAC-04DD-4A48-A28B-674EC02D3324}.Release|Any CPU.ActiveCfg = Release|Any CPU
		{BD453AAC-04DD-4A48-A28B-674EC02D3324}.Release|Any CPU.Build.0 = Release|Any CPU
		{3D2DF78D-C4DD-4EE3-9F82-7B2EC8C3B4EF}.Debug|Any CPU.ActiveCfg = Debug|Any CPU
		{3D2DF78D-C4DD-4EE3-9F82-7B2EC8C3B4EF}.Debug|Any CPU.Build.0 = Debug|Any CPU
		{3D2DF78D-C4DD-4EE3-9F82-7B2EC8C3B4EF}.Release|Any CPU.ActiveCfg = Release|Any CPU
		{3D2DF78D-C4DD-4EE3-9F82-7B2EC8C3B4EF}.Release|Any CPU.Build.0 = Release|Any CPU
	EndGlobalSection
EndGlobal
